
Microsoft Visual Studio Solution File, Format Version 12.00
# Visual Studio Version 16
VisualStudioVersion = 16.0.31205.134
MinimumVisualStudioVersion = 10.0.40219.1
Project("{8BC9CEB8-8B4A-11D0-8D11-00A0C91BC942}") = "Game", "Game\Game.vcxproj", "{B6E2107F-40F2-49E3-9FDA-02A18BF7BB9C}"
EndProject
Project("{8BC9CEB8-8B4A-11D0-8D11-00A0C91BC942}") = "Engine", "Engine\Engine.vcxproj", "{A1E45D31-FD2C-4A4F-A9FE-5AF382143AF0}"
EndProject
Project("{8BC9CEB8-8B4A-11D0-8D11-00A0C91BC942}") = "GameFunStuff", "GameFunStuff\GameFunStuff.vcxproj", "{2507A748-EEDB-4A2E-B3FC-D063EDFDB1E9}"
EndProject
Project("{8BC9CEB8-8B4A-11D0-8D11-00A0C91BC942}") = "TestProgram", "TestProgram\TestProgram.vcxproj", "{335FDE00-A0F8-44A2-91F1-57477CBEF18B}"
EndProject
Global
	GlobalSection(SolutionConfigurationPlatforms) = preSolution
		Debug|x64 = Debug|x64
		Debug|x86 = Debug|x86
		Release|x64 = Release|x64
		Release|x86 = Release|x86
	EndGlobalSection
	GlobalSection(ProjectConfigurationPlatforms) = postSolution
		{B6E2107F-40F2-49E3-9FDA-02A18BF7BB9C}.Debug|x64.ActiveCfg = Debug|x64
		{B6E2107F-40F2-49E3-9FDA-02A18BF7BB9C}.Debug|x64.Build.0 = Debug|x64
		{B6E2107F-40F2-49E3-9FDA-02A18BF7BB9C}.Debug|x86.ActiveCfg = Debug|Win32
		{B6E2107F-40F2-49E3-9FDA-02A18BF7BB9C}.Debug|x86.Build.0 = Debug|Win32
		{B6E2107F-40F2-49E3-9FDA-02A18BF7BB9C}.Release|x64.ActiveCfg = Release|x64
		{B6E2107F-40F2-49E3-9FDA-02A18BF7BB9C}.Release|x64.Build.0 = Release|x64
		{B6E2107F-40F2-49E3-9FDA-02A18BF7BB9C}.Release|x86.ActiveCfg = Release|Win32
		{B6E2107F-40F2-49E3-9FDA-02A18BF7BB9C}.Release|x86.Build.0 = Release|Win32
		{A1E45D31-FD2C-4A4F-A9FE-5AF382143AF0}.Debug|x64.ActiveCfg = Debug|x64
		{A1E45D31-FD2C-4A4F-A9FE-5AF382143AF0}.Debug|x64.Build.0 = Debug|x64
		{A1E45D31-FD2C-4A4F-A9FE-5AF382143AF0}.Debug|x86.ActiveCfg = Debug|Win32
		{A1E45D31-FD2C-4A4F-A9FE-5AF382143AF0}.Debug|x86.Build.0 = Debug|Win32
		{A1E45D31-FD2C-4A4F-A9FE-5AF382143AF0}.Release|x64.ActiveCfg = Release|x64
		{A1E45D31-FD2C-4A4F-A9FE-5AF382143AF0}.Release|x64.Build.0 = Release|x64
		{A1E45D31-FD2C-4A4F-A9FE-5AF382143AF0}.Release|x86.ActiveCfg = Release|Win32
		{A1E45D31-FD2C-4A4F-A9FE-5AF382143AF0}.Release|x86.Build.0 = Release|Win32
		{2507A748-EEDB-4A2E-B3FC-D063EDFDB1E9}.Debug|x64.ActiveCfg = Debug|x64
		{2507A748-EEDB-4A2E-B3FC-D063EDFDB1E9}.Debug|x64.Build.0 = Debug|x64
		{2507A748-EEDB-4A2E-B3FC-D063EDFDB1E9}.Debug|x86.ActiveCfg = Debug|Win32
		{2507A748-EEDB-4A2E-B3FC-D063EDFDB1E9}.Debug|x86.Build.0 = Debug|Win32
		{2507A748-EEDB-4A2E-B3FC-D063EDFDB1E9}.Release|x64.ActiveCfg = Release|x64
		{2507A748-EEDB-4A2E-B3FC-D063EDFDB1E9}.Release|x64.Build.0 = Release|x64
		{2507A748-EEDB-4A2E-B3FC-D063EDFDB1E9}.Release|x86.ActiveCfg = Release|Win32
		{2507A748-EEDB-4A2E-B3FC-D063EDFDB1E9}.Release|x86.Build.0 = Release|Win32
		{335FDE00-A0F8-44A2-91F1-57477CBEF18B}.Debug|x64.ActiveCfg = Debug|x64
		{335FDE00-A0F8-44A2-91F1-57477CBEF18B}.Debug|x64.Build.0 = Debug|x64
		{335FDE00-A0F8-44A2-91F1-57477CBEF18B}.Debug|x86.ActiveCfg = Debug|Win32
		{335FDE00-A0F8-44A2-91F1-57477CBEF18B}.Debug|x86.Build.0 = Debug|Win32
		{335FDE00-A0F8-44A2-91F1-57477CBEF18B}.Release|x64.ActiveCfg = Release|x64
		{335FDE00-A0F8-44A2-91F1-57477CBEF18B}.Release|x64.Build.0 = Release|x64
		{335FDE00-A0F8-44A2-91F1-57477CBEF18B}.Release|x86.ActiveCfg = Release|Win32
		{335FDE00-A0F8-44A2-91F1-57477CBEF18B}.Release|x86.Build.0 = Release|Win32
	EndGlobalSection
	GlobalSection(SolutionProperties) = preSolution
		HideSolutionNode = FALSE
	EndGlobalSection
	GlobalSection(ExtensibilityGlobals) = postSolution
		SolutionGuid = {5915A51F-047A-4A34-A123-43FEE4272B28}
	EndGlobalSection
EndGlobal
